PODS:
  - Action (1.2.2):
    - RxCocoa (~> 2.6)
    - RxSwift (~> 2.6)
  - Nimble (4.0.1)
  - Quick (0.9.2)
  - RxCocoa (2.6.0):
    - RxSwift (~> 2.5)
  - RxSwift (2.6.0)

DEPENDENCIES:
  - Action (from `../`)
  - Nimble
  - Quick

EXTERNAL SOURCES:
  Action:
    :path: "../"

SPEC CHECKSUMS:
  Action: 04477b60700d6c80aa9ad74716cc2dabcbc1f33d
  Nimble: 0f3c8b8b084cda391209c3c5efbb48bedeeb920a
  Quick: 18d057bc66451eedd5d1c8dc99ba2a5db6e60226
  RxCocoa: 89ab00d5753502520227940e3a0e0a0413683c6b
  RxSwift: 77f3a0b15324baa7a1c9bfa9f199648a82424e26

PODFILE CHECKSUM: c7205d962f16a78d682b161b19ef541fff704323

COCOAPODS: 1.0.0
